// !$*UTF8*$!
{
	archiveVersion = 1;
	classes = {
	};
	objectVersion = 55;
	objects = {

/* Begin PBXBuildFile section */
		778DE2B02859178400004021 /* LearningApp.swift in Sources */ = {isa = PBXBuildFile; fileRef = 778DE2AF2859178400004021 /* LearningApp.swift */; };
		778DE2B22859178400004021 /* HomeView.swift in Sources */ = {isa = PBXBuildFile; fileRef = 778DE2B12859178400004021 /* HomeView.swift */; };
		778DE2B42859178F00004021 /* Assets.xcassets in Resources */ = {isa = PBXBuildFile; fileRef = 778DE2B32859178F00004021 /* Assets.xcassets */; };
		778DE2B72859178F00004021 /* Preview Assets.xcassets in Resources */ = {isa = PBXBuildFile; fileRef = 778DE2B62859178F00004021 /* Preview Assets.xcassets */; };
		778DE2C3285A876700004021 /* ContentModel.swift in Sources */ = {isa = PBXBuildFile; fileRef = 778DE2C2285A876700004021 /* ContentModel.swift */; };
		778DE2C6285A8D4E00004021 /* style.html in Resources */ = {isa = PBXBuildFile; fileRef = 778DE2C4285A8D4D00004021 /* style.html */; };
		778DE2C7285A8D4E00004021 /* data.json in Resources */ = {isa = PBXBuildFile; fileRef = 778DE2C5285A8D4D00004021 /* data.json */; };
		778DE2C9285A8FB100004021 /* Lesson.swift in Sources */ = {isa = PBXBuildFile; fileRef = 778DE2C8285A8FB100004021 /* Lesson.swift */; };
		778DE2CB285A8FBB00004021 /* Content.swift in Sources */ = {isa = PBXBuildFile; fileRef = 778DE2CA285A8FBB00004021 /* Content.swift */; };
		778DE2CD285A8FC600004021 /* Module.swift in Sources */ = {isa = PBXBuildFile; fileRef = 778DE2CC285A8FC600004021 /* Module.swift */; };
		778DE2CF285A8FD600004021 /* Question.swift in Sources */ = {isa = PBXBuildFile; fileRef = 778DE2CE285A8FD600004021 /* Question.swift */; };
		778DE2D1285A8FE200004021 /* Test.swift in Sources */ = {isa = PBXBuildFile; fileRef = 778DE2D0285A8FE200004021 /* Test.swift */; };
/* End PBXBuildFile section */

/* Begin PBXFileReference section */
		778DE2AC2859178400004021 /* Learning-App.app */ = {isa = PBXFileReference; explicitFileType = wrapper.application; includeInIndex = 0; path = "Learning-App.app"; sourceTree = BUILT_PRODUCTS_DIR; };
		778DE2AF2859178400004021 /* LearningApp.swift */ = {isa = PBXFileReference; lastKnownFileType = sourcecode.swift; path = LearningApp.swift; sourceTree = "<group>"; };
		778DE2B12859178400004021 /* HomeView.swift */ = {isa = PBXFileReference; lastKnownFileType = sourcecode.swift; path = HomeView.swift; sourceTree = "<group>"; };
		778DE2B32859178F00004021 /* Assets.xcassets */ = {isa = PBXFileReference; lastKnownFileType = folder.assetcatalog; path = Assets.xcassets; sourceTree = "<group>"; };
		778DE2B62859178F00004021 /* Preview Assets.xcassets */ = {isa = PBXFileReference; lastKnownFileType = folder.assetcatalog; path = "Preview Assets.xcassets"; sourceTree = "<group>"; };
		778DE2C2285A876700004021 /* ContentModel.swift */ = {isa = PBXFileReference; lastKnownFileType = sourcecode.swift; path = ContentModel.swift; sourceTree = "<group>"; };
		778DE2C4285A8D4D00004021 /* style.html */ = {isa = PBXFileReference; fileEncoding = 4; lastKnownFileType = text.html; path = style.html; sourceTree = "<group>"; };
		778DE2C5285A8D4D00004021 /* data.json */ = {isa = PBXFileReference; fileEncoding = 4; lastKnownFileType = text.json; path = data.json; sourceTree = "<group>"; };
		778DE2C8285A8FB100004021 /* Lesson.swift */ = {isa = PBXFileReference; lastKnownFileType = sourcecode.swift; path = Lesson.swift; sourceTree = "<group>"; };
		778DE2CA285A8FBB00004021 /* Content.swift */ = {isa = PBXFileReference; lastKnownFileType = sourcecode.swift; path = Content.swift; sourceTree = "<group>"; };
		778DE2CC285A8FC600004021 /* Module.swift */ = {isa = PBXFileReference; lastKnownFileType = sourcecode.swift; path = Module.swift; sourceTree = "<group>"; };
		778DE2CE285A8FD600004021 /* Question.swift */ = {isa = PBXFileReference; lastKnownFileType = sourcecode.swift; path = Question.swift; sourceTree = "<group>"; };
		778DE2D0285A8FE200004021 /* Test.swift */ = {isa = PBXFileReference; lastKnownFileType = sourcecode.swift; path = Test.swift; sourceTree = "<group>"; };
/* End PBXFileReference section */

/* Begin PBXFrameworksBuildPhase section */
		778DE2A92859178400004021 /* Frameworks */ = {
			isa = PBXFrameworksBuildPhase;
			buildActionMask = 2147483647;
			files = (
			);
			runOnlyForDeploymentPostprocessing = 0;
		};
/* End PBXFrameworksBuildPhase section */

/* Begin PBXGroup section */
		778DE2A32859178400004021 = {
			isa = PBXGroup;
			children = (
				778DE2AE2859178400004021 /* Learning-App */,
				778DE2AD2859178400004021 /* Products */,
			);
			sourceTree = "<group>";
		};
		778DE2AD2859178400004021 /* Products */ = {
			isa = PBXGroup;
			children = (
				778DE2AC2859178400004021 /* Learning-App.app */,
			);
			name = Products;
			sourceTree = "<group>";
		};
		778DE2AE2859178400004021 /* Learning-App */ = {
			isa = PBXGroup;
			children = (
				778DE2AF2859178400004021 /* LearningApp.swift */,
				778DE2BD285A866500004021 /* Views */,
				778DE2BE285A866E00004021 /* View Models */,
				778DE2BF285A867000004021 /* Models */,
				778DE2C1285A86F700004021 /* Utilities */,
				778DE2C0285A86F000004021 /* Resources */,
				778DE2B32859178F00004021 /* Assets.xcassets */,
				778DE2B52859178F00004021 /* Preview Content */,
			);
			path = "Learning-App";
			sourceTree = "<group>";
		};
		778DE2B52859178F00004021 /* Preview Content */ = {
			isa = PBXGroup;
			children = (
				778DE2B62859178F00004021 /* Preview Assets.xcassets */,
			);
			path = "Preview Content";
			sourceTree = "<group>";
		};
		778DE2BD285A866500004021 /* Views */ = {
			isa = PBXGroup;
			children = (
				778DE2B12859178400004021 /* HomeView.swift */,
			);
			path = Views;
			sourceTree = "<group>";
		};
		778DE2BE285A866E00004021 /* View Models */ = {
			isa = PBXGroup;
			children = (
				778DE2C2285A876700004021 /* ContentModel.swift */,
			);
			path = "View Models";
			sourceTree = "<group>";
		};
		778DE2BF285A867000004021 /* Models */ = {
			isa = PBXGroup;
			children = (
				778DE2C8285A8FB100004021 /* Lesson.swift */,
				778DE2CA285A8FBB00004021 /* Content.swift */,
				778DE2CC285A8FC600004021 /* Module.swift */,
				778DE2CE285A8FD600004021 /* Question.swift */,
				778DE2D0285A8FE200004021 /* Test.swift */,
			);
			path = Models;
			sourceTree = "<group>";
		};
		778DE2C0285A86F000004021 /* Resources */ = {
			isa = PBXGroup;
			children = (
				778DE2C5285A8D4D00004021 /* data.json */,
				778DE2C4285A8D4D00004021 /* style.html */,
			);
			path = Resources;
			sourceTree = "<group>";
		};
		778DE2C1285A86F700004021 /* Utilities */ = {
			isa = PBXGroup;
			children = (
			);
			path = Utilities;
			sourceTree = "<group>";
		};
/* End PBXGroup section */

/* Begin PBXNativeTarget section */
		778DE2AB2859178400004021 /* Learning-App */ = {
			isa = PBXNativeTarget;
			buildConfigurationList = 778DE2BA2859178F00004021 /* Build configuration list for PBXNativeTarget "Learning-App" */;
			buildPhases = (
				778DE2A82859178400004021 /* Sources */,
				778DE2A92859178400004021 /* Frameworks */,
				778DE2AA2859178400004021 /* Resources */,
			);
			buildRules = (
			);
			dependencies = (
			);
			name = "Learning-App";
			productName = "Learning-App";
			productReference = 778DE2AC2859178400004021 /* Learning-App.app */;
			productType = "com.apple.product-type.application";
		};
/* End PBXNativeTarget section */

/* Begin PBXProject section */
		778DE2A42859178400004021 /* Project object */ = {
			isa = PBXProject;
			attributes = {
				BuildIndependentTargetsInParallel = 1;
				LastSwiftUpdateCheck = 1340;
				LastUpgradeCheck = 1340;
				TargetAttributes = {
					778DE2AB2859178400004021 = {
						CreatedOnToolsVersion = 13.4;
					};
				};
			};
			buildConfigurationList = 778DE2A72859178400004021 /* Build configuration list for PBXProject "Learning-App" */;
			compatibilityVersion = "Xcode 13.0";
			developmentRegion = en;
			hasScannedForEncodings = 0;
			knownRegions = (
				en,
				Base,
			);
			mainGroup = 778DE2A32859178400004021;
			productRefGroup = 778DE2AD2859178400004021 /* Products */;
			projectDirPath = "";
			projectRoot = "";
			targets = (
				778DE2AB2859178400004021 /* Learning-App */,
			);
		};
/* End PBXProject section */

/* Begin PBXResourcesBuildPhase section */
		778DE2AA2859178400004021 /* Resources */ = {
			isa = PBXResourcesBuildPhase;
			buildActionMask = 2147483647;
			files = (
				778DE2C6285A8D4E00004021 /* style.html in Resources */,
				778DE2B72859178F00004021 /* Preview Assets.xcassets in Resources */,
				778DE2B42859178F00004021 /* Assets.xcassets in Resources */,
				778DE2C7285A8D4E00004021 /* data.json in Resources */,
			);
			runOnlyForDeploymentPostprocessing = 0;
		};
/* End PBXResourcesBuildPhase section */

/* Begin PBXSourcesBuildPhase section */
		778DE2A82859178400004021 /* Sources */ = {
			isa = PBXSourcesBuildPhase;
			buildActionMask = 2147483647;
			files = (
				778DE2B22859178400004021 /* HomeView.swift in Sources */,
				778DE2B02859178400004021 /* LearningApp.swift in Sources */,
				778DE2C3285A876700004021 /* ContentModel.swift in Sources */,
				778DE2CB285A8FBB00004021 /* Content.swift in Sources */,
				778DE2C9285A8FB100004021 /* Lesson.swift in Sources */,
				778DE2D1285A8FE200004021 /* Test.swift in Sources */,
				778DE2CF285A8FD600004021 /* Question.swift in Sources */,
				778DE2CD285A8FC600004021 /* Module.swift in Sources */,
			);
			runOnlyForDeploymentPostprocessing = 0;
		};
/* End PBXSourcesBuildPhase section */

/* Begin XCBuildConfiguration section */
		778DE2B82859178F00004021 /* Debug */ = {
			isa = XCBuildConfiguration;
			buildSettings = {
				ALWAYS_SEARCH_USER_PATHS = NO;
				CLANG_ANALYZER_NONNULL = YES;
				CLANG_ANALYZER_NUMBER_OBJECT_CONVERSION = YES_AGGRESSIVE;
				CLANG_CXX_LANGUAGE_STANDARD = "gnu++17";
				CLANG_ENABLE_MODULES = YES;
				CLANG_ENABLE_OBJC_ARC = YES;
				CLANG_ENABLE_OBJC_WEAK = YES;
				CLANG_WARN_BLOCK_CAPTURE_AUTORELEASING = YES;
				CLANG_WARN_BOOL_CONVERSION = YES;
				CLANG_WARN_COMMA = YES;
				CLANG_WARN_CONSTANT_CONVERSION = YES;
				CLANG_WARN_DEPRECATED_OBJC_IMPLEMENTATIONS = YES;
				CLANG_WARN_DIRECT_OBJC_ISA_USAGE = YES_ERROR;
				CLANG_WARN_DOCUMENTATION_COMMENTS = YES;
				CLANG_WARN_EMPTY_BODY = YES;
				CLANG_WARN_ENUM_CONVERSION = YES;
				CLANG_WARN_INFINITE_RECURSION = YES;
				CLANG_WARN_INT_CONVERSION = YES;
				CLANG_WARN_NON_LITERAL_NULL_CONVERSION = YES;
				CLANG_WARN_OBJC_IMPLICIT_RETAIN_SELF = YES;
				CLANG_WARN_OBJC_LITERAL_CONVERSION = YES;
				CLANG_WARN_OBJC_ROOT_CLASS = YES_ERROR;
				CLANG_WARN_QUOTED_INCLUDE_IN_FRAMEWORK_HEADER = YES;
				CLANG_WARN_RANGE_LOOP_ANALYSIS = YES;
				CLANG_WARN_STRICT_PROTOTYPES = YES;
				CLANG_WARN_SUSPICIOUS_MOVE = YES;
				CLANG_WARN_UNGUARDED_AVAILABILITY = YES_AGGRESSIVE;
				CLANG_WARN_UNREACHABLE_CODE = YES;
				CLANG_WARN__DUPLICATE_METHOD_MATCH = YES;
				COPY_PHASE_STRIP = NO;
				DEBUG_INFORMATION_FORMAT = dwarf;
				ENABLE_STRICT_OBJC_MSGSEND = YES;
				ENABLE_TESTABILITY = YES;
				GCC_C_LANGUAGE_STANDARD = gnu11;
				GCC_DYNAMIC_NO_PIC = NO;
				GCC_NO_COMMON_BLOCKS = YES;
				GCC_OPTIMIZATION_LEVEL = 0;
				GCC_PREPROCESSOR_DEFINITIONS = (
					"DEBUG=1",
					"$(inherited)",
				);
				GCC_WARN_64_TO_32_BIT_CONVERSION = YES;
				GCC_WARN_ABOUT_RETURN_TYPE = YES_ERROR;
				GCC_WARN_UNDECLARED_SELECTOR = YES;
				GCC_WARN_UNINITIALIZED_AUTOS = YES_AGGRESSIVE;
				GCC_WARN_UNUSED_FUNCTION = YES;
				GCC_WARN_UNUSED_VARIABLE = YES;
				IPHONEOS_DEPLOYMENT_TARGET = 15.5;
				MTL_ENABLE_DEBUG_INFO = INCLUDE_SOURCE;
				MTL_FAST_MATH = YES;
				ONLY_ACTIVE_ARCH = YES;
				SDKROOT = iphoneos;
				SWIFT_ACTIVE_COMPILATION_CONDITIONS = DEBUG;
				SWIFT_OPTIMIZATION_LEVEL = "-Onone";
			};
			name = Debug;
		};
		778DE2B92859178F00004021 /* Release */ = {
			isa = XCBuildConfiguration;
			buildSettings = {
				ALWAYS_SEARCH_USER_PATHS = NO;
				CLANG_ANALYZER_NONNULL = YES;
				CLANG_ANALYZER_NUMBER_OBJECT_CONVERSION = YES_AGGRESSIVE;
				CLANG_CXX_LANGUAGE_STANDARD = "gnu++17";
				CLANG_ENABLE_MODULES = YES;
				CLANG_ENABLE_OBJC_ARC = YES;
				CLANG_ENABLE_OBJC_WEAK = YES;
				CLANG_WARN_BLOCK_CAPTURE_AUTORELEASING = YES;
				CLANG_WARN_BOOL_CONVERSION = YES;
				CLANG_WARN_COMMA = YES;
				CLANG_WARN_CONSTANT_CONVERSION = YES;
				CLANG_WARN_DEPRECATED_OBJC_IMPLEMENTATIONS = YES;
				CLANG_WARN_DIRECT_OBJC_ISA_USAGE = YES_ERROR;
				CLANG_WARN_DOCUMENTATION_COMMENTS = YES;
				CLANG_WARN_EMPTY_BODY = YES;
				CLANG_WARN_ENUM_CONVERSION = YES;
				CLANG_WARN_INFINITE_RECURSION = YES;
				CLANG_WARN_INT_CONVERSION = YES;
				CLANG_WARN_NON_LITERAL_NULL_CONVERSION = YES;
				CLANG_WARN_OBJC_IMPLICIT_RETAIN_SELF = YES;
				CLANG_WARN_OBJC_LITERAL_CONVERSION = YES;
				CLANG_WARN_OBJC_ROOT_CLASS = YES_ERROR;
				CLANG_WARN_QUOTED_INCLUDE_IN_FRAMEWORK_HEADER = YES;
				CLANG_WARN_RANGE_LOOP_ANALYSIS = YES;
				CLANG_WARN_STRICT_PROTOTYPES = YES;
				CLANG_WARN_SUSPICIOUS_MOVE = YES;
				CLANG_WARN_UNGUARDED_AVAILABILITY = YES_AGGRESSIVE;
				CLANG_WARN_UNREACHABLE_CODE = YES;
				CLANG_WARN__DUPLICATE_METHOD_MATCH = YES;
				COPY_PHASE_STRIP = NO;
				DEBUG_INFORMATION_FORMAT = "dwarf-with-dsym";
				ENABLE_NS_ASSERTIONS = NO;
				ENABLE_STRICT_OBJC_MSGSEND = YES;
				GCC_C_LANGUAGE_STANDARD = gnu11;
				GCC_NO_COMMON_BLOCKS = YES;
				GCC_WARN_64_TO_32_BIT_CONVERSION = YES;
				GCC_WARN_ABOUT_RETURN_TYPE = YES_ERROR;
				GCC_WARN_UNDECLARED_SELECTOR = YES;
				GCC_WARN_UNINITIALIZED_AUTOS = YES_AGGRESSIVE;
				GCC_WARN_UNUSED_FUNCTION = YES;
				GCC_WARN_UNUSED_VARIABLE = YES;
				IPHONEOS_DEPLOYMENT_TARGET = 15.5;
				MTL_ENABLE_DEBUG_INFO = NO;
				MTL_FAST_MATH = YES;
				SDKROOT = iphoneos;
				SWIFT_COMPILATION_MODE = wholemodule;
				SWIFT_OPTIMIZATION_LEVEL = "-O";
				VALIDATE_PRODUCT = YES;
			};
			name = Release;
		};
		778DE2BB2859178F00004021 /* Debug */ = {
			isa = XCBuildConfiguration;
			buildSettings = {
				ASSETCATALOG_COMPILER_APPICON_NAME = AppIcon;
				ASSETCATALOG_COMPILER_GLOBAL_ACCENT_COLOR_NAME = AccentColor;
				CODE_SIGN_STYLE = Automatic;
				CURRENT_PROJECT_VERSION = 1;
				DEVELOPMENT_ASSET_PATHS = "\"Learning-App/Preview Content\"";
				DEVELOPMENT_TEAM = 82SV7T492R;
				ENABLE_PREVIEWS = YES;
				GENERATE_INFOPLIST_FILE = YES;
				INFOPLIST_KEY_UIApplicationSceneManifest_Generation = YES;
				INFOPLIST_KEY_UIApplicationSupportsIndirectInputEvents = YES;
				INFOPLIST_KEY_UILaunchScreen_Generation = YES;
				INFOPLIST_KEY_UISupportedInterfaceOrientations_iPad = "UIInterfaceOrientationPortrait UIInterfaceOrientationPortraitUpsideDown UIInterfaceOrientationLandscapeLeft UIInterfaceOrientationLandscapeRight";
				INFOPLIST_KEY_UISupportedInterfaceOrientations_iPhone = "UIInterfaceOrientationPortrait UIInterfaceOrientationLandscapeLeft UIInterfaceOrientationLandscapeRight";
				LD_RUNPATH_SEARCH_PATHS = (
					"$(inherited)",
					"@executable_path/Frameworks",
				);
				MARKETING_VERSION = 1.0;
				PRODUCT_BUNDLE_IDENTIFIER = "com.gdavis-21.Learning-App";
				PRODUCT_NAME = "$(TARGET_NAME)";
				SWIFT_EMIT_LOC_STRINGS = YES;
				SWIFT_VERSION = 5.0;
				TARGETED_DEVICE_FAMILY = "1,2";
			};
			name = Debug;
		};
		778DE2BC2859178F00004021 /* Release */ = {
			isa = XCBuildConfiguration;
			buildSettings = {
				ASSETCATALOG_COMPILER_APPICON_NAME = AppIcon;
				ASSETCATALOG_COMPILER_GLOBAL_ACCENT_COLOR_NAME = AccentColor;
				CODE_SIGN_STYLE = Automatic;
				CURRENT_PROJECT_VERSION = 1;
				DEVELOPMENT_ASSET_PATHS = "\"Learning-App/Preview Content\"";
				DEVELOPMENT_TEAM = 82SV7T492R;
				ENABLE_PREVIEWS = YES;
				GENERATE_INFOPLIST_FILE = YES;
				INFOPLIST_KEY_UIApplicationSceneManifest_Generation = YES;
				INFOPLIST_KEY_UIApplicationSupportsIndirectInputEvents = YES;
				INFOPLIST_KEY_UILaunchScreen_Generation = YES;
				INFOPLIST_KEY_UISupportedInterfaceOrientations_iPad = "UIInterfaceOrientationPortrait UIInterfaceOrientationPortraitUpsideDown UIInterfaceOrientationLandscapeLeft UIInterfaceOrientationLandscapeRight";
				INFOPLIST_KEY_UISupportedInterfaceOrientations_iPhone = "UIInterfaceOrientationPortrait UIInterfaceOrientationLandscapeLeft UIInterfaceOrientationLandscapeRight";
				LD_RUNPATH_SEARCH_PATHS = (
					"$(inherited)",
					"@executable_path/Frameworks",
				);
				MARKETING_VERSION = 1.0;
				PRODUCT_BUNDLE_IDENTIFIER = "com.gdavis-21.Learning-App";
				PRODUCT_NAME = "$(TARGET_NAME)";
				SWIFT_EMIT_LOC_STRINGS = YES;
				SWIFT_VERSION = 5.0;
				TARGETED_DEVICE_FAMILY = "1,2";
			};
			name = Release;
		};
/* End XCBuildConfiguration section */

/* Begin XCConfigurationList section */
		778DE2A72859178400004021 /* Build configuration list for PBXProject "Learning-App" */ = {
			isa = XCConfigurationList;
			buildConfigurations = (
				778DE2B82859178F00004021 /* Debug */,
				778DE2B92859178F00004021 /* Release */,
			);
			defaultConfigurationIsVisible = 0;
			defaultConfigurationName = Release;
		};
		778DE2BA2859178F00004021 /* Build configuration list for PBXNativeTarget "Learning-App" */ = {
			isa = XCConfigurationList;
			buildConfigurations = (
				778DE2BB2859178F00004021 /* Debug */,
				778DE2BC2859178F00004021 /* Release */,
			);
			defaultConfigurationIsVisible = 0;
			defaultConfigurationName = Release;
		};
/* End XCConfigurationList section */
	};
	rootObject = 778DE2A42859178400004021 /* Project object */;
}
